
Microsoft Visual Studio Solution File, Format Version 12.00
# Visual Studio Version 17
VisualStudioVersion = 17.5.002.0
MinimumVisualStudioVersion = 10.0.40219.1
Project("{9A19103F-16F7-4668-BE54-9A1E7A4F7556}") = "Arreglos", "Arreglos.csproj", "{652DBFA1-71D2-43AF-9F8A-3AF95582F9D9}"
EndProject
Global
	GlobalSection(SolutionConfigurationPlatforms) = preSolution
		Debug|Any CPU = Debug|Any CPU
		Release|Any CPU = Release|Any CPU
	EndGlobalSection
	GlobalSection(ProjectConfigurationPlatforms) = postSolution
		{652DBFA1-71D2-43AF-9F8A-3AF95582F9D9}.Debug|Any CPU.ActiveCfg = Debug|Any CPU
		{652DBFA1-71D2-43AF-9F8A-3AF95582F9D9}.Debug|Any CPU.Build.0 = Debug|Any CPU
		{652DBFA1-71D2-43AF-9F8A-3AF95582F9D9}.Release|Any CPU.ActiveCfg = Release|Any CPU
		{652DBFA1-71D2-43AF-9F8A-3AF95582F9D9}.Release|Any CPU.Build.0 = Release|Any CPU
	EndGlobalSection
	GlobalSection(SolutionProperties) = preSolution
		HideSolutionNode = FALSE
	EndGlobalSection
	GlobalSection(ExtensibilityGlobals) = postSolution
		SolutionGuid = {4000A0CC-783F-4FC4-B60B-78237274B8BC}
	EndGlobalSection
EndGlobal
